
Microsoft Visual Studio Solution File, Format Version 12.00
# Visual Studio Version 16
VisualStudioVersion = 16.0.32630.194
MinimumVisualStudioVersion = 10.0.40219.1
Project("{FAE04EC0-301F-11D3-BF4B-00C04F79EFBC}") = "manual Csharp", "manual Csharp\manual Csharp.csproj", "{2D47AF4A-5794-4C98-A549-EDBF10D142AF}"
EndProject
Project("{2150E333-8FDC-42A3-9474-1A3956D46DE8}") = "Solution Items", "Solution Items", "{8281F58C-3312-42FF-AECE-750E38E9DCD0}"
	ProjectSection(SolutionItems) = preProject
		.editorconfig = .editorconfig
	EndProjectSection
EndProject
Global
	GlobalSection(SolutionConfigurationPlatforms) = preSolution
		Debug|Any CPU = Debug|Any CPU
		Release|Any CPU = Release|Any CPU
	EndGlobalSection
	GlobalSection(ProjectConfigurationPlatforms) = postSolution
		{2D47AF4A-5794-4C98-A549-EDBF10D142AF}.Debug|Any CPU.ActiveCfg = Debug|Any CPU
		{2D47AF4A-5794-4C98-A549-EDBF10D142AF}.Debug|Any CPU.Build.0 = Debug|Any CPU
		{2D47AF4A-5794-4C98-A549-EDBF10D142AF}.Release|Any CPU.ActiveCfg = Release|Any CPU
		{2D47AF4A-5794-4C98-A549-EDBF10D142AF}.Release|Any CPU.Build.0 = Release|Any CPU
	EndGlobalSection
	GlobalSection(SolutionProperties) = preSolution
		HideSolutionNode = FALSE
	EndGlobalSection
	GlobalSection(ExtensibilityGlobals) = postSolution
		SolutionGuid = {E3F9300A-DDB7-406C-9AEA-B18B07F5BB40}
	EndGlobalSection
EndGlobal
